{
  "originHash" : "9545551de9ffb138383c3fe62223a42bde14d019df3ba7a5710800c640d3231e",
  "pins" : [
    {
      "identity" : "capacitor-swift-pm",
      "kind" : "remoteSourceControl",
      "location" : "https://github.com/ionic-team/capacitor-swift-pm.git",
      "state" : {
        "revision" : "13a39179b3df796f3bb2e70c47ccdd92593f34d2",
        "version" : "8.0.2"
      }
    },
    {
      "identity" : "ion-ios-filesystem",
      "kind" : "remoteSourceControl",
      "location" : "https://github.com/ionic-team/ion-ios-filesystem.git",
      "state" : {
        "revision" : "a1a664318a7dae56d3f4756172365b5312f0292a",
        "version" : "1.1.0"
      }
    }
  ],
  "version" : 3
}
